
Microsoft Visual Studio Solution File, Format Version 12.00
# Visual Studio 15
VisualStudioVersion = 15.0.28307.421
MinimumVisualStudioVersion = 10.0.40219.1
Project("{FAE04EC0-301F-11D3-BF4B-00C04F79EFBC}") = "Entities", "Entities\Entities.csproj", "{E85418A7-783E-4160-A0B6-D82A99EA7E8D}"
EndProject
Project("{FAE04EC0-301F-11D3-BF4B-00C04F79EFBC}") = "RepositoryAbstraction", "Repository\RepositoryAbstraction.csproj", "{A4E0ADA5-146B-426D-94CF-BD5003466370}"
EndProject
Project("{2150E333-8FDC-42A3-9474-1A3956D46DE8}") = "Repository", "Repository", "{95732434-E41F-44D2-B54C-B0AF688102A9}"
EndProject
Project("{FAE04EC0-301F-11D3-BF4B-00C04F79EFBC}") = "RepositoryFactory", "RepositoryFactory\RepositoryFactory.csproj", "{E579F20A-50BF-452B-ABD5-F5E82626D2DB}"
EndProject
Project("{FAE04EC0-301F-11D3-BF4B-00C04F79EFBC}") = "RepositoryImplementation", "RepositoryInMemory\RepositoryImplementation.csproj", "{53538210-DBCF-43F6-80FC-C2374AF0CDA9}"
EndProject
Project("{2150E333-8FDC-42A3-9474-1A3956D46DE8}") = "Domain", "Domain", "{54F5FAD3-A48A-47DD-875F-E0743B163038}"
EndProject
Project("{2150E333-8FDC-42A3-9474-1A3956D46DE8}") = "UseCases", "UseCases", "{BF165622-7A0A-4FD5-8F00-F9C43FA4A881}"
EndProject
Project("{FAE04EC0-301F-11D3-BF4B-00C04F79EFBC}") = "InteractorAbstraction", "InteractorAbstraction\InteractorAbstraction.csproj", "{372D301A-B523-4CA0-A74A-997FDB400F71}"
EndProject
Project("{FAE04EC0-301F-11D3-BF4B-00C04F79EFBC}") = "InteractorFactory", "InteractorFactory\InteractorFactory.csproj", "{6C4E5F0F-0665-430C-8F60-3C37425EA960}"
EndProject
Project("{FAE04EC0-301F-11D3-BF4B-00C04F79EFBC}") = "InteractorImplementation", "InteractorImplementation\InteractorImplementation.csproj", "{CDD91B73-E38A-481D-93D1-E0B6EDC9474E}"
EndProject
Project("{2150E333-8FDC-42A3-9474-1A3956D46DE8}") = "Delivery", "Delivery", "{536BB347-F91A-4597-8977-7A0C3A433563}"
EndProject
Project("{FAE04EC0-301F-11D3-BF4B-00C04F79EFBC}") = "PresenterAbstraction", "PresenterAbstraction\PresenterAbstraction.csproj", "{736D7025-ADC8-4350-9E5E-BDC3C833A64F}"
EndProject
Project("{FAE04EC0-301F-11D3-BF4B-00C04F79EFBC}") = "PresenterFactory", "PresenterFactory\PresenterFactory.csproj", "{676CCEE5-C460-48F6-824E-282899E56FA1}"
EndProject
Project("{FAE04EC0-301F-11D3-BF4B-00C04F79EFBC}") = "PresenterImplementation", "PresenterImplementation\PresenterImplementation.csproj", "{1A5CA457-4E5C-434F-9DD3-A855F7EAB2EE}"
EndProject
Project("{2150E333-8FDC-42A3-9474-1A3956D46DE8}") = "Presenter", "Presenter", "{46DF0DA8-FB3A-466A-854B-F22112C61D59}"
EndProject
Project("{2150E333-8FDC-42A3-9474-1A3956D46DE8}") = "View", "View", "{7F9FFF4D-285D-408F-B719-DBA7F879D897}"
EndProject
Project("{FAE04EC0-301F-11D3-BF4B-00C04F79EFBC}") = "ViewAbstraction", "ViewAbstraction\ViewAbstraction.csproj", "{0EFFA009-C763-4079-AAC1-F47F9F27713C}"
EndProject
Project("{FAE04EC0-301F-11D3-BF4B-00C04F79EFBC}") = "ViewModel", "ViewModel\ViewModel.csproj", "{316CD2D3-DC01-4858-B587-C7B9ACD48E15}"
EndProject
Project("{FAE04EC0-301F-11D3-BF4B-00C04F79EFBC}") = "ViewImplementation", "ViewImplementation\ViewImplementation.csproj", "{C44D72DC-3799-471A-B8E1-D9DF2EFA7D5B}"
EndProject
Project("{2150E333-8FDC-42A3-9474-1A3956D46DE8}") = "Entities", "Entities", "{5D81E835-1967-44B8-8730-33B84372C2D1}"
EndProject
Project("{FAE04EC0-301F-11D3-BF4B-00C04F79EFBC}") = "StartupProject", "StartupProject\StartupProject.csproj", "{3A551251-740A-4860-8D8C-07E0E53178EC}"
EndProject
Project("{FAE04EC0-301F-11D3-BF4B-00C04F79EFBC}") = "ViewFactory", "ViewFactory\ViewFactory.csproj", "{32EE92A4-6998-4F5D-A07C-69039B64E67F}"
EndProject
Global
	GlobalSection(SolutionConfigurationPlatforms) = preSolution
		Debug|Any CPU = Debug|Any CPU
		Release|Any CPU = Release|Any CPU
	EndGlobalSection
	GlobalSection(ProjectConfigurationPlatforms) = postSolution
		{E85418A7-783E-4160-A0B6-D82A99EA7E8D}.Debug|Any CPU.ActiveCfg = Debug|Any CPU
		{E85418A7-783E-4160-A0B6-D82A99EA7E8D}.Debug|Any CPU.Build.0 = Debug|Any CPU
		{E85418A7-783E-4160-A0B6-D82A99EA7E8D}.Release|Any CPU.ActiveCfg = Release|Any CPU
		{E85418A7-783E-4160-A0B6-D82A99EA7E8D}.Release|Any CPU.Build.0 = Release|Any CPU
		{A4E0ADA5-146B-426D-94CF-BD5003466370}.Debug|Any CPU.ActiveCfg = Debug|Any CPU
		{A4E0ADA5-146B-426D-94CF-BD5003466370}.Debug|Any CPU.Build.0 = Debug|Any CPU
		{A4E0ADA5-146B-426D-94CF-BD5003466370}.Release|Any CPU.ActiveCfg = Release|Any CPU
		{A4E0ADA5-146B-426D-94CF-BD5003466370}.Release|Any CPU.Build.0 = Release|Any CPU
		{E579F20A-50BF-452B-ABD5-F5E82626D2DB}.Debug|Any CPU.ActiveCfg = Debug|Any CPU
		{E579F20A-50BF-452B-ABD5-F5E82626D2DB}.Debug|Any CPU.Build.0 = Debug|Any CPU
		{E579F20A-50BF-452B-ABD5-F5E82626D2DB}.Release|Any CPU.ActiveCfg = Release|Any CPU
		{E579F20A-50BF-452B-ABD5-F5E82626D2DB}.Release|Any CPU.Build.0 = Release|Any CPU
		{53538210-DBCF-43F6-80FC-C2374AF0CDA9}.Debug|Any CPU.ActiveCfg = Debug|Any CPU
		{53538210-DBCF-43F6-80FC-C2374AF0CDA9}.Debug|Any CPU.Build.0 = Debug|Any CPU
		{53538210-DBCF-43F6-80FC-C2374AF0CDA9}.Release|Any CPU.ActiveCfg = Release|Any CPU
		{53538210-DBCF-43F6-80FC-C2374AF0CDA9}.Release|Any CPU.Build.0 = Release|Any CPU
		{372D301A-B523-4CA0-A74A-997FDB400F71}.Debug|Any CPU.ActiveCfg = Debug|Any CPU
		{372D301A-B523-4CA0-A74A-997FDB400F71}.Debug|Any CPU.Build.0 = Debug|Any CPU
		{372D301A-B523-4CA0-A74A-997FDB400F71}.Release|Any CPU.ActiveCfg = Release|Any CPU
		{372D301A-B523-4CA0-A74A-997FDB400F71}.Release|Any CPU.Build.0 = Release|Any CPU
		{6C4E5F0F-0665-430C-8F60-3C37425EA960}.Debug|Any CPU.ActiveCfg = Debug|Any CPU
		{6C4E5F0F-0665-430C-8F60-3C37425EA960}.Debug|Any CPU.Build.0 = Debug|Any CPU
		{6C4E5F0F-0665-430C-8F60-3C37425EA960}.Release|Any CPU.ActiveCfg = Release|Any CPU
		{6C4E5F0F-0665-430C-8F60-3C37425EA960}.Release|Any CPU.Build.0 = Release|Any CPU
		{CDD91B73-E38A-481D-93D1-E0B6EDC9474E}.Debug|Any CPU.ActiveCfg = Debug|Any CPU
		{CDD91B73-E38A-481D-93D1-E0B6EDC9474E}.Debug|Any CPU.Build.0 = Debug|Any CPU
		{CDD91B73-E38A-481D-93D1-E0B6EDC9474E}.Release|Any CPU.ActiveCfg = Release|Any CPU
		{CDD91B73-E38A-481D-93D1-E0B6EDC9474E}.Release|Any CPU.Build.0 = Release|Any CPU
		{736D7025-ADC8-4350-9E5E-BDC3C833A64F}.Debug|Any CPU.ActiveCfg = Debug|Any CPU
		{736D7025-ADC8-4350-9E5E-BDC3C833A64F}.Debug|Any CPU.Build.0 = Debug|Any CPU
		{736D7025-ADC8-4350-9E5E-BDC3C833A64F}.Release|Any CPU.ActiveCfg = Release|Any CPU
		{736D7025-ADC8-4350-9E5E-BDC3C833A64F}.Release|Any CPU.Build.0 = Release|Any CPU
		{676CCEE5-C460-48F6-824E-282899E56FA1}.Debug|Any CPU.ActiveCfg = Debug|Any CPU
		{676CCEE5-C460-48F6-824E-282899E56FA1}.Debug|Any CPU.Build.0 = Debug|Any CPU
		{676CCEE5-C460-48F6-824E-282899E56FA1}.Release|Any CPU.ActiveCfg = Release|Any CPU
		{676CCEE5-C460-48F6-824E-282899E56FA1}.Release|Any CPU.Build.0 = Release|Any CPU
		{1A5CA457-4E5C-434F-9DD3-A855F7EAB2EE}.Debug|Any CPU.ActiveCfg = Debug|Any CPU
		{1A5CA457-4E5C-434F-9DD3-A855F7EAB2EE}.Debug|Any CPU.Build.0 = Debug|Any CPU
		{1A5CA457-4E5C-434F-9DD3-A855F7EAB2EE}.Release|Any CPU.ActiveCfg = Release|Any CPU
		{1A5CA457-4E5C-434F-9DD3-A855F7EAB2EE}.Release|Any CPU.Build.0 = Release|Any CPU
		{0EFFA009-C763-4079-AAC1-F47F9F27713C}.Debug|Any CPU.ActiveCfg = Debug|Any CPU
		{0EFFA009-C763-4079-AAC1-F47F9F27713C}.Debug|Any CPU.Build.0 = Debug|Any CPU
		{0EFFA009-C763-4079-AAC1-F47F9F27713C}.Release|Any CPU.ActiveCfg = Release|Any CPU
		{0EFFA009-C763-4079-AAC1-F47F9F27713C}.Release|Any CPU.Build.0 = Release|Any CPU
		{316CD2D3-DC01-4858-B587-C7B9ACD48E15}.Debug|Any CPU.ActiveCfg = Debug|Any CPU
		{316CD2D3-DC01-4858-B587-C7B9ACD48E15}.Debug|Any CPU.Build.0 = Debug|Any CPU
		{316CD2D3-DC01-4858-B587-C7B9ACD48E15}.Release|Any CPU.ActiveCfg = Release|Any CPU
		{316CD2D3-DC01-4858-B587-C7B9ACD48E15}.Release|Any CPU.Build.0 = Release|Any CPU
		{C44D72DC-3799-471A-B8E1-D9DF2EFA7D5B}.Debug|Any CPU.ActiveCfg = Debug|Any CPU
		{C44D72DC-3799-471A-B8E1-D9DF2EFA7D5B}.Debug|Any CPU.Build.0 = Debug|Any CPU
		{C44D72DC-3799-471A-B8E1-D9DF2EFA7D5B}.Release|Any CPU.ActiveCfg = Release|Any CPU
		{C44D72DC-3799-471A-B8E1-D9DF2EFA7D5B}.Release|Any CPU.Build.0 = Release|Any CPU
		{3A551251-740A-4860-8D8C-07E0E53178EC}.Debug|Any CPU.ActiveCfg = Debug|Any CPU
		{3A551251-740A-4860-8D8C-07E0E53178EC}.Debug|Any CPU.Build.0 = Debug|Any CPU
		{3A551251-740A-4860-8D8C-07E0E53178EC}.Release|Any CPU.ActiveCfg = Release|Any CPU
		{3A551251-740A-4860-8D8C-07E0E53178EC}.Release|Any CPU.Build.0 = Release|Any CPU
		{32EE92A4-6998-4F5D-A07C-69039B64E67F}.Debug|Any CPU.ActiveCfg = Debug|Any CPU
		{32EE92A4-6998-4F5D-A07C-69039B64E67F}.Debug|Any CPU.Build.0 = Debug|Any CPU
		{32EE92A4-6998-4F5D-A07C-69039B64E67F}.Release|Any CPU.ActiveCfg = Release|Any CPU
		{32EE92A4-6998-4F5D-A07C-69039B64E67F}.Release|Any CPU.Build.0 = Release|Any CPU
	EndGlobalSection
	GlobalSection(SolutionProperties) = preSolution
		HideSolutionNode = FALSE
	EndGlobalSection
	GlobalSection(NestedProjects) = preSolution
		{E85418A7-783E-4160-A0B6-D82A99EA7E8D} = {5D81E835-1967-44B8-8730-33B84372C2D1}
		{A4E0ADA5-146B-426D-94CF-BD5003466370} = {95732434-E41F-44D2-B54C-B0AF688102A9}
		{E579F20A-50BF-452B-ABD5-F5E82626D2DB} = {95732434-E41F-44D2-B54C-B0AF688102A9}
		{53538210-DBCF-43F6-80FC-C2374AF0CDA9} = {95732434-E41F-44D2-B54C-B0AF688102A9}
		{BF165622-7A0A-4FD5-8F00-F9C43FA4A881} = {54F5FAD3-A48A-47DD-875F-E0743B163038}
		{372D301A-B523-4CA0-A74A-997FDB400F71} = {BF165622-7A0A-4FD5-8F00-F9C43FA4A881}
		{6C4E5F0F-0665-430C-8F60-3C37425EA960} = {BF165622-7A0A-4FD5-8F00-F9C43FA4A881}
		{CDD91B73-E38A-481D-93D1-E0B6EDC9474E} = {BF165622-7A0A-4FD5-8F00-F9C43FA4A881}
		{736D7025-ADC8-4350-9E5E-BDC3C833A64F} = {46DF0DA8-FB3A-466A-854B-F22112C61D59}
		{676CCEE5-C460-48F6-824E-282899E56FA1} = {46DF0DA8-FB3A-466A-854B-F22112C61D59}
		{1A5CA457-4E5C-434F-9DD3-A855F7EAB2EE} = {46DF0DA8-FB3A-466A-854B-F22112C61D59}
		{46DF0DA8-FB3A-466A-854B-F22112C61D59} = {536BB347-F91A-4597-8977-7A0C3A433563}
		{7F9FFF4D-285D-408F-B719-DBA7F879D897} = {536BB347-F91A-4597-8977-7A0C3A433563}
		{0EFFA009-C763-4079-AAC1-F47F9F27713C} = {7F9FFF4D-285D-408F-B719-DBA7F879D897}
		{316CD2D3-DC01-4858-B587-C7B9ACD48E15} = {7F9FFF4D-285D-408F-B719-DBA7F879D897}
		{C44D72DC-3799-471A-B8E1-D9DF2EFA7D5B} = {7F9FFF4D-285D-408F-B719-DBA7F879D897}
		{5D81E835-1967-44B8-8730-33B84372C2D1} = {54F5FAD3-A48A-47DD-875F-E0743B163038}
		{32EE92A4-6998-4F5D-A07C-69039B64E67F} = {7F9FFF4D-285D-408F-B719-DBA7F879D897}
	EndGlobalSection
	GlobalSection(ExtensibilityGlobals) = postSolution
		SolutionGuid = {87085BB5-DCE5-4EDB-8092-3368C3464141}
	EndGlobalSection
EndGlobal
